// !$*UTF8*$!
{
	archiveVersion = 1;
	classes = {
	};
	objectVersion = 50;
	objects = {

/* Begin PBXBuildFile section */
		E747862B21FE79190013D125 /* AppDelegate.swift in Sources */ = {isa = PBXBuildFile; fileRef = E747862A21FE79190013D125 /* AppDelegate.swift */; };
		E747862D21FE79190013D125 /* TaskTableViewController.swift in Sources */ = {isa = PBXBuildFile; fileRef = E747862C21FE79190013D125 /* TaskTableViewController.swift */; };
		E747863021FE79190013D125 /* Main.storyboard in Resources */ = {isa = PBXBuildFile; fileRef = E747862E21FE79190013D125 /* Main.storyboard */; };
		E747863221FE791B0013D125 /* Assets.xcassets in Resources */ = {isa = PBXBuildFile; fileRef = E747863121FE791B0013D125 /* Assets.xcassets */; };
		E747863521FE791B0013D125 /* LaunchScreen.storyboard in Resources */ = {isa = PBXBuildFile; fileRef = E747863321FE791B0013D125 /* LaunchScreen.storyboard */; };
		E747864021FE791B0013D125 /* Tables101Tests.swift in Sources */ = {isa = PBXBuildFile; fileRef = E747863F21FE791B0013D125 /* Tables101Tests.swift */; };
		E747864B21FE791B0013D125 /* Tables101UITests.swift in Sources */ = {isa = PBXBuildFile; fileRef = E747864A21FE791B0013D125 /* Tables101UITests.swift */; };
		E747865921FE79630013D125 /* DetailViewController.swift in Sources */ = {isa = PBXBuildFile; fileRef = E747865821FE79630013D125 /* DetailViewController.swift */; };
		E747865B21FE7B9C0013D125 /* TaskList.swift in Sources */ = {isa = PBXBuildFile; fileRef = E747865A21FE7B9C0013D125 /* TaskList.swift */; };
		E747865D21FE808A0013D125 /* Task.swift in Sources */ = {isa = PBXBuildFile; fileRef = E747865C21FE808A0013D125 /* Task.swift */; };
		E747865F21FEA1EA0013D125 /* Formatting.swift in Sources */ = {isa = PBXBuildFile; fileRef = E747865E21FEA1EA0013D125 /* Formatting.swift */; };
/* End PBXBuildFile section */

/* Begin PBXContainerItemProxy section */
		E747863C21FE791B0013D125 /* PBXContainerItemProxy */ = {
			isa = PBXContainerItemProxy;
			containerPortal = E747861F21FE79190013D125 /* Project object */;
			proxyType = 1;
			remoteGlobalIDString = E747862621FE79190013D125;
			remoteInfo = Tables101;
		};
		E747864721FE791B0013D125 /* PBXContainerItemProxy */ = {
			isa = PBXContainerItemProxy;
			containerPortal = E747861F21FE79190013D125 /* Project object */;
			proxyType = 1;
			remoteGlobalIDString = E747862621FE79190013D125;
			remoteInfo = Tables101;
		};
/* End PBXContainerItemProxy section */

/* Begin PBXFileReference section */
		E747862721FE79190013D125 /* Tables101.app */ = {isa = PBXFileReference; explicitFileType = wrapper.application; includeInIndex = 0; path = Tables101.app; sourceTree = BUILT_PRODUCTS_DIR; };
		E747862A21FE79190013D125 /* AppDelegate.swift */ = {isa = PBXFileReference; lastKnownFileType = sourcecode.swift; path = AppDelegate.swift; sourceTree = "<group>"; };
		E747862C21FE79190013D125 /* TaskTableViewController.swift */ = {isa = PBXFileReference; lastKnownFileType = sourcecode.swift; path = TaskTableViewController.swift; sourceTree = "<group>"; };
		E747862F21FE79190013D125 /* Base */ = {isa = PBXFileReference; lastKnownFileType = file.storyboard; name = Base; path = Base.lproj/Main.storyboard; sourceTree = "<group>"; };
		E747863121FE791B0013D125 /* Assets.xcassets */ = {isa = PBXFileReference; lastKnownFileType = folder.assetcatalog; path = Assets.xcassets; sourceTree = "<group>"; };
		E747863421FE791B0013D125 /* Base */ = {isa = PBXFileReference; lastKnownFileType = file.storyboard; name = Base; path = Base.lproj/LaunchScreen.storyboard; sourceTree = "<group>"; };
		E747863621FE791B0013D125 /* Info.plist */ = {isa = PBXFileReference; lastKnownFileType = text.plist.xml; path = Info.plist; sourceTree = "<group>"; };
		E747863B21FE791B0013D125 /* Tables101Tests.xctest */ = {isa = PBXFileReference; explicitFileType = wrapper.cfbundle; includeInIndex = 0; path = Tables101Tests.xctest; sourceTree = BUILT_PRODUCTS_DIR; };
		E747863F21FE791B0013D125 /* Tables101Tests.swift */ = {isa = PBXFileReference; lastKnownFileType = sourcecode.swift; path = Tables101Tests.swift; sourceTree = "<group>"; };
		E747864121FE791B0013D125 /* Info.plist */ = {isa = PBXFileReference; lastKnownFileType = text.plist.xml; path = Info.plist; sourceTree = "<group>"; };
		E747864621FE791B0013D125 /* Tables101UITests.xctest */ = {isa = PBXFileReference; explicitFileType = wrapper.cfbundle; includeInIndex = 0; path = Tables101UITests.xctest; sourceTree = BUILT_PRODUCTS_DIR; };
		E747864A21FE791B0013D125 /* Tables101UITests.swift */ = {isa = PBXFileReference; lastKnownFileType = sourcecode.swift; path = Tables101UITests.swift; sourceTree = "<group>"; };
		E747864C21FE791B0013D125 /* Info.plist */ = {isa = PBXFileReference; lastKnownFileType = text.plist.xml; path = Info.plist; sourceTree = "<group>"; };
		E747865821FE79630013D125 /* DetailViewController.swift */ = {isa = PBXFileReference; lastKnownFileType = sourcecode.swift; path = DetailViewController.swift; sourceTree = "<group>"; };
		E747865A21FE7B9C0013D125 /* TaskList.swift */ = {isa = PBXFileReference; lastKnownFileType = sourcecode.swift; path = TaskList.swift; sourceTree = "<group>"; };
		E747865C21FE808A0013D125 /* Task.swift */ = {isa = PBXFileReference; lastKnownFileType = sourcecode.swift; path = Task.swift; sourceTree = "<group>"; };
		E747865E21FEA1EA0013D125 /* Formatting.swift */ = {isa = PBXFileReference; lastKnownFileType = sourcecode.swift; path = Formatting.swift; sourceTree = "<group>"; };
/* End PBXFileReference section */

/* Begin PBXFrameworksBuildPhase section */
		E747862421FE79190013D125 /* Frameworks */ = {
			isa = PBXFrameworksBuildPhase;
			buildActionMask = 2147483647;
			files = (
			);
			runOnlyForDeploymentPostprocessing = 0;
		};
		E747863821FE791B0013D125 /* Frameworks */ = {
			isa = PBXFrameworksBuildPhase;
			buildActionMask = 2147483647;
			files = (
			);
			runOnlyForDeploymentPostprocessing = 0;
		};
		E747864321FE791B0013D125 /* Frameworks */ = {
			isa = PBXFrameworksBuildPhase;
			buildActionMask = 2147483647;
			files = (
			);
			runOnlyForDeploymentPostprocessing = 0;
		};
/* End PBXFrameworksBuildPhase section */

/* Begin PBXGroup section */
		E747861E21FE79190013D125 = {
			isa = PBXGroup;
			children = (
				E747862921FE79190013D125 /* Tables101 */,
				E747863E21FE791B0013D125 /* Tables101Tests */,
				E747864921FE791B0013D125 /* Tables101UITests */,
				E747862821FE79190013D125 /* Products */,
			);
			sourceTree = "<group>";
		};
		E747862821FE79190013D125 /* Products */ = {
			isa = PBXGroup;
			children = (
				E747862721FE79190013D125 /* Tables101.app */,
				E747863B21FE791B0013D125 /* Tables101Tests.xctest */,
				E747864621FE791B0013D125 /* Tables101UITests.xctest */,
			);
			name = Products;
			sourceTree = "<group>";
		};
		E747862921FE79190013D125 /* Tables101 */ = {
			isa = PBXGroup;
			children = (
				E747862A21FE79190013D125 /* AppDelegate.swift */,
				E747862C21FE79190013D125 /* TaskTableViewController.swift */,
				E747862E21FE79190013D125 /* Main.storyboard */,
				E747863121FE791B0013D125 /* Assets.xcassets */,
				E747863321FE791B0013D125 /* LaunchScreen.storyboard */,
				E747863621FE791B0013D125 /* Info.plist */,
				E747865821FE79630013D125 /* DetailViewController.swift */,
				E747865A21FE7B9C0013D125 /* TaskList.swift */,
				E747865C21FE808A0013D125 /* Task.swift */,
				E747865E21FEA1EA0013D125 /* Formatting.swift */,
			);
			path = Tables101;
			sourceTree = "<group>";
		};
		E747863E21FE791B0013D125 /* Tables101Tests */ = {
			isa = PBXGroup;
			children = (
				E747863F21FE791B0013D125 /* Tables101Tests.swift */,
				E747864121FE791B0013D125 /* Info.plist */,
			);
			path = Tables101Tests;
			sourceTree = "<group>";
		};
		E747864921FE791B0013D125 /* Tables101UITests */ = {
			isa = PBXGroup;
			children = (
				E747864A21FE791B0013D125 /* Tables101UITests.swift */,
				E747864C21FE791B0013D125 /* Info.plist */,
			);
			path = Tables101UITests;
			sourceTree = "<group>";
		};
/* End PBXGroup section */

/* Begin PBXNativeTarget section */
		E747862621FE79190013D125 /* Tables101 */ = {
			isa = PBXNativeTarget;
			buildConfigurationList = E747864F21FE791B0013D125 /* Build configuration list for PBXNativeTarget "Tables101" */;
			buildPhases = (
				E747862321FE79190013D125 /* Sources */,
				E747862421FE79190013D125 /* Frameworks */,
				E747862521FE79190013D125 /* Resources */,
			);
			buildRules = (
			);
			dependencies = (
			);
			name = Tables101;
			productName = Tables101;
			productReference = E747862721FE79190013D125 /* Tables101.app */;
			productType = "com.apple.product-type.application";
		};
		E747863A21FE791B0013D125 /* Tables101Tests */ = {
			isa = PBXNativeTarget;
			buildConfigurationList = E747865221FE791B0013D125 /* Build configuration list for PBXNativeTarget "Tables101Tests" */;
			buildPhases = (
				E747863721FE791B0013D125 /* Sources */,
				E747863821FE791B0013D125 /* Frameworks */,
				E747863921FE791B0013D125 /* Resources */,
			);
			buildRules = (
			);
			dependencies = (
				E747863D21FE791B0013D125 /* PBXTargetDependency */,
			);
			name = Tables101Tests;
			productName = Tables101Tests;
			productReference = E747863B21FE791B0013D125 /* Tables101Tests.xctest */;
			productType = "com.apple.product-type.bundle.unit-test";
		};
		E747864521FE791B0013D125 /* Tables101UITests */ = {
			isa = PBXNativeTarget;
			buildConfigurationList = E747865521FE791B0013D125 /* Build configuration list for PBXNativeTarget "Tables101UITests" */;
			buildPhases = (
				E747864221FE791B0013D125 /* Sources */,
				E747864321FE791B0013D125 /* Frameworks */,
				E747864421FE791B0013D125 /* Resources */,
			);
			buildRules = (
			);
			dependencies = (
				E747864821FE791B0013D125 /* PBXTargetDependency */,
			);
			name = Tables101UITests;
			productName = Tables101UITests;
			productReference = E747864621FE791B0013D125 /* Tables101UITests.xctest */;
			productType = "com.apple.product-type.bundle.ui-testing";
		};
/* End PBXNativeTarget section */

/* Begin PBXProject section */
		E747861F21FE79190013D125 /* Project object */ = {
			isa = PBXProject;
			attributes = {
				LastSwiftUpdateCheck = 1010;
				LastUpgradeCheck = 1010;
				ORGANIZATIONNAME = clara;
				TargetAttributes = {
					E747862621FE79190013D125 = {
						CreatedOnToolsVersion = 10.1;
					};
					E747863A21FE791B0013D125 = {
						CreatedOnToolsVersion = 10.1;
						TestTargetID = E747862621FE79190013D125;
					};
					E747864521FE791B0013D125 = {
						CreatedOnToolsVersion = 10.1;
						TestTargetID = E747862621FE79190013D125;
					};
				};
			};
			buildConfigurationList = E747862221FE79190013D125 /* Build configuration list for PBXProject "Tables101" */;
			compatibilityVersion = "Xcode 9.3";
			developmentRegion = en;
			hasScannedForEncodings = 0;
			knownRegions = (
				en,
				Base,
			);
			mainGroup = E747861E21FE79190013D125;
			productRefGroup = E747862821FE79190013D125 /* Products */;
			projectDirPath = "";
			projectRoot = "";
			targets = (
				E747862621FE79190013D125 /* Tables101 */,
				E747863A21FE791B0013D125 /* Tables101Tests */,
				E747864521FE791B0013D125 /* Tables101UITests */,
			);
		};
/* End PBXProject section */

/* Begin PBXResourcesBuildPhase section */
		E747862521FE79190013D125 /* Resources */ = {
			isa = PBXResourcesBuildPhase;
			buildActionMask = 2147483647;
			files = (
				E747863521FE791B0013D125 /* LaunchScreen.storyboard in Resources */,
				E747863221FE791B0013D125 /* Assets.xcassets in Resources */,
				E747863021FE79190013D125 /* Main.storyboard in Resources */,
			);
			runOnlyForDeploymentPostprocessing = 0;
		};
		E747863921FE791B0013D125 /* Resources */ = {
			isa = PBXResourcesBuildPhase;
			buildActionMask = 2147483647;
			files = (
			);
			runOnlyForDeploymentPostprocessing = 0;
		};
		E747864421FE791B0013D125 /* Resources */ = {
			isa = PBXResourcesBuildPhase;
			buildActionMask = 2147483647;
			files = (
			);
			runOnlyForDeploymentPostprocessing = 0;
		};
/* End PBXResourcesBuildPhase section */

/* Begin PBXSourcesBuildPhase section */
		E747862321FE79190013D125 /* Sources */ = {
			isa = PBXSourcesBuildPhase;
			buildActionMask = 2147483647;
			files = (
				E747865F21FEA1EA0013D125 /* Formatting.swift in Sources */,
				E747865B21FE7B9C0013D125 /* TaskList.swift in Sources */,
				E747865921FE79630013D125 /* DetailViewController.swift in Sources */,
				E747865D21FE808A0013D125 /* Task.swift in Sources */,
				E747862D21FE79190013D125 /* TaskTableViewController.swift in Sources */,
				E747862B21FE79190013D125 /* AppDelegate.swift in Sources */,
			);
			runOnlyForDeploymentPostprocessing = 0;
		};
		E747863721FE791B0013D125 /* Sources */ = {
			isa = PBXSourcesBuildPhase;
			buildActionMask = 2147483647;
			files = (
				E747864021FE791B0013D125 /* Tables101Tests.swift in Sources */,
			);
			runOnlyForDeploymentPostprocessing = 0;
		};
		E747864221FE791B0013D125 /* Sources */ = {
			isa = PBXSourcesBuildPhase;
			buildActionMask = 2147483647;
			files = (
				E747864B21FE791B0013D125 /* Tables101UITests.swift in Sources */,
			);
			runOnlyForDeploymentPostprocessing = 0;
		};
/* End PBXSourcesBuildPhase section */

/* Begin PBXTargetDependency section */
		E747863D21FE791B0013D125 /* PBXTargetDependency */ = {
			isa = PBXTargetDependency;
			target = E747862621FE79190013D125 /* Tables101 */;
			targetProxy = E747863C21FE791B0013D125 /* PBXContainerItemProxy */;
		};
		E747864821FE791B0013D125 /* PBXTargetDependency */ = {
			isa = PBXTargetDependency;
			target = E747862621FE79190013D125 /* Tables101 */;
			targetProxy = E747864721FE791B0013D125 /* PBXContainerItemProxy */;
		};
/* End PBXTargetDependency section */

/* Begin PBXVariantGroup section */
		E747862E21FE79190013D125 /* Main.storyboard */ = {
			isa = PBXVariantGroup;
			children = (
				E747862F21FE79190013D125 /* Base */,
			);
			name = Main.storyboard;
			sourceTree = "<group>";
		};
		E747863321FE791B0013D125 /* LaunchScreen.storyboard */ = {
			isa = PBXVariantGroup;
			children = (
				E747863421FE791B0013D125 /* Base */,
			);
			name = LaunchScreen.storyboard;
			sourceTree = "<group>";
		};
/* End PBXVariantGroup section */

/* Begin XCBuildConfiguration section */
		E747864D21FE791B0013D125 /* Debug */ = {
			isa = XCBuildConfiguration;
			buildSettings = {
				ALWAYS_SEARCH_USER_PATHS = NO;
				CLANG_ANALYZER_NONNULL = YES;
				CLANG_ANALYZER_NUMBER_OBJECT_CONVERSION = YES_AGGRESSIVE;
				CLANG_CXX_LANGUAGE_STANDARD = "gnu++14";
				CLANG_CXX_LIBRARY = "libc++";
				CLANG_ENABLE_MODULES = YES;
				CLANG_ENABLE_OBJC_ARC = YES;
				CLANG_ENABLE_OBJC_WEAK = YES;
				CLANG_WARN_BLOCK_CAPTURE_AUTORELEASING = YES;
				CLANG_WARN_BOOL_CONVERSION = YES;
				CLANG_WARN_COMMA = YES;
				CLANG_WARN_CONSTANT_CONVERSION = YES;
				CLANG_WARN_DEPRECATED_OBJC_IMPLEMENTATIONS = YES;
				CLANG_WARN_DIRECT_OBJC_ISA_USAGE = YES_ERROR;
				CLANG_WARN_DOCUMENTATION_COMMENTS = YES;
				CLANG_WARN_EMPTY_BODY = YES;
				CLANG_WARN_ENUM_CONVERSION = YES;
				CLANG_WARN_INFINITE_RECURSION = YES;
				CLANG_WARN_INT_CONVERSION = YES;
				CLANG_WARN_NON_LITERAL_NULL_CONVERSION = YES;
				CLANG_WARN_OBJC_IMPLICIT_RETAIN_SELF = YES;
				CLANG_WARN_OBJC_LITERAL_CONVERSION = YES;
				CLANG_WARN_OBJC_ROOT_CLASS = YES_ERROR;
				CLANG_WARN_RANGE_LOOP_ANALYSIS = YES;
				CLANG_WARN_STRICT_PROTOTYPES = YES;
				CLANG_WARN_SUSPICIOUS_MOVE = YES;
				CLANG_WARN_UNGUARDED_AVAILABILITY = YES_AGGRESSIVE;
				CLANG_WARN_UNREACHABLE_CODE = YES;
				CLANG_WARN__DUPLICATE_METHOD_MATCH = YES;
				CODE_SIGN_IDENTITY = "iPhone Developer";
				COPY_PHASE_STRIP = NO;
				DEBUG_INFORMATION_FORMAT = dwarf;
				ENABLE_STRICT_OBJC_MSGSEND = YES;
				ENABLE_TESTABILITY = YES;
				GCC_C_LANGUAGE_STANDARD = gnu11;
				GCC_DYNAMIC_NO_PIC = NO;
				GCC_NO_COMMON_BLOCKS = YES;
				GCC_OPTIMIZATION_LEVEL = 0;
				GCC_PREPROCESSOR_DEFINITIONS = (
					"DEBUG=1",
					"$(inherited)",
				);
				GCC_WARN_64_TO_32_BIT_CONVERSION = YES;
				GCC_WARN_ABOUT_RETURN_TYPE = YES_ERROR;
				GCC_WARN_UNDECLARED_SELECTOR = YES;
				GCC_WARN_UNINITIALIZED_AUTOS = YES_AGGRESSIVE;
				GCC_WARN_UNUSED_FUNCTION = YES;
				GCC_WARN_UNUSED_VARIABLE = YES;
				IPHONEOS_DEPLOYMENT_TARGET = 12.1;
				MTL_ENABLE_DEBUG_INFO = INCLUDE_SOURCE;
				MTL_FAST_MATH = YES;
				ONLY_ACTIVE_ARCH = YES;
				SDKROOT = iphoneos;
				SWIFT_ACTIVE_COMPILATION_CONDITIONS = DEBUG;
				SWIFT_OPTIMIZATION_LEVEL = "-Onone";
			};
			name = Debug;
		};
		E747864E21FE791B0013D125 /* Release */ = {
			isa = XCBuildConfiguration;
			buildSettings = {
				ALWAYS_SEARCH_USER_PATHS = NO;
				CLANG_ANALYZER_NONNULL = YES;
				CLANG_ANALYZER_NUMBER_OBJECT_CONVERSION = YES_AGGRESSIVE;
				CLANG_CXX_LANGUAGE_STANDARD = "gnu++14";
				CLANG_CXX_LIBRARY = "libc++";
				CLANG_ENABLE_MODULES = YES;
				CLANG_ENABLE_OBJC_ARC = YES;
				CLANG_ENABLE_OBJC_WEAK = YES;
				CLANG_WARN_BLOCK_CAPTURE_AUTORELEASING = YES;
				CLANG_WARN_BOOL_CONVERSION = YES;
				CLANG_WARN_COMMA = YES;
				CLANG_WARN_CONSTANT_CONVERSION = YES;
				CLANG_WARN_DEPRECATED_OBJC_IMPLEMENTATIONS = YES;
				CLANG_WARN_DIRECT_OBJC_ISA_USAGE = YES_ERROR;
				CLANG_WARN_DOCUMENTATION_COMMENTS = YES;
				CLANG_WARN_EMPTY_BODY = YES;
				CLANG_WARN_ENUM_CONVERSION = YES;
				CLANG_WARN_INFINITE_RECURSION = YES;
				CLANG_WARN_INT_CONVERSION = YES;
				CLANG_WARN_NON_LITERAL_NULL_CONVERSION = YES;
				CLANG_WARN_OBJC_IMPLICIT_RETAIN_SELF = YES;
				CLANG_WARN_OBJC_LITERAL_CONVERSION = YES;
				CLANG_WARN_OBJC_ROOT_CLASS = YES_ERROR;
				CLANG_WARN_RANGE_LOOP_ANALYSIS = YES;
				CLANG_WARN_STRICT_PROTOTYPES = YES;
				CLANG_WARN_SUSPICIOUS_MOVE = YES;
				CLANG_WARN_UNGUARDED_AVAILABILITY = YES_AGGRESSIVE;
				CLANG_WARN_UNREACHABLE_CODE = YES;
				CLANG_WARN__DUPLICATE_METHOD_MATCH = YES;
				CODE_SIGN_IDENTITY = "iPhone Developer";
				COPY_PHASE_STRIP = NO;
				DEBUG_INFORMATION_FORMAT = "dwarf-with-dsym";
				ENABLE_NS_ASSERTIONS = NO;
				ENABLE_STRICT_OBJC_MSGSEND = YES;
				GCC_C_LANGUAGE_STANDARD = gnu11;
				GCC_NO_COMMON_BLOCKS = YES;
				GCC_WARN_64_TO_32_BIT_CONVERSION = YES;
				GCC_WARN_ABOUT_RETURN_TYPE = YES_ERROR;
				GCC_WARN_UNDECLARED_SELECTOR = YES;
				GCC_WARN_UNINITIALIZED_AUTOS = YES_AGGRESSIVE;
				GCC_WARN_UNUSED_FUNCTION = YES;
				GCC_WARN_UNUSED_VARIABLE = YES;
				IPHONEOS_DEPLOYMENT_TARGET = 12.1;
				MTL_ENABLE_DEBUG_INFO = NO;
				MTL_FAST_MATH = YES;
				SDKROOT = iphoneos;
				SWIFT_COMPILATION_MODE = wholemodule;
				SWIFT_OPTIMIZATION_LEVEL = "-O";
				VALIDATE_PRODUCT = YES;
			};
			name = Release;
		};
		E747865021FE791B0013D125 /* Debug */ = {
			isa = XCBuildConfiguration;
			buildSettings = {
				ASSETCATALOG_COMPILER_APPICON_NAME = AppIcon;
				CODE_SIGN_STYLE = Automatic;
				INFOPLIST_FILE = Tables101/Info.plist;
				LD_RUNPATH_SEARCH_PATHS = (
					"$(inherited)",
					"@executable_path/Frameworks",
				);
				PRODUCT_BUNDLE_IDENTIFIER = clara.Tables101;
				PRODUCT_NAME = "$(TARGET_NAME)";
				SWIFT_VERSION = 4.2;
				TARGETED_DEVICE_FAMILY = "1,2";
			};
			name = Debug;
		};
		E747865121FE791B0013D125 /* Release */ = {
			isa = XCBuildConfiguration;
			buildSettings = {
				ASSETCATALOG_COMPILER_APPICON_NAME = AppIcon;
				CODE_SIGN_STYLE = Automatic;
				INFOPLIST_FILE = Tables101/Info.plist;
				LD_RUNPATH_SEARCH_PATHS = (
					"$(inherited)",
					"@executable_path/Frameworks",
				);
				PRODUCT_BUNDLE_IDENTIFIER = clara.Tables101;
				PRODUCT_NAME = "$(TARGET_NAME)";
				SWIFT_VERSION = 4.2;
				TARGETED_DEVICE_FAMILY = "1,2";
			};
			name = Release;
		};
		E747865321FE791B0013D125 /* Debug */ = {
			isa = XCBuildConfiguration;
			buildSettings = {
				ALWAYS_EMBED_SWIFT_STANDARD_LIBRARIES = YES;
				BUNDLE_LOADER = "$(TEST_HOST)";
				CODE_SIGN_STYLE = Automatic;
				INFOPLIST_FILE = Tables101Tests/Info.plist;
				LD_RUNPATH_SEARCH_PATHS = (
					"$(inherited)",
					"@executable_path/Frameworks",
					"@loader_path/Frameworks",
				);
				PRODUCT_BUNDLE_IDENTIFIER = clara.Tables101Tests;
				PRODUCT_NAME = "$(TARGET_NAME)";
				SWIFT_VERSION = 4.2;
				TARGETED_DEVICE_FAMILY = "1,2";
				TEST_HOST = "$(BUILT_PRODUCTS_DIR)/Tables101.app/Tables101";
			};
			name = Debug;
		};
		E747865421FE791B0013D125 /* Release */ = {
			isa = XCBuildConfiguration;
			buildSettings = {
				ALWAYS_EMBED_SWIFT_STANDARD_LIBRARIES = YES;
				BUNDLE_LOADER = "$(TEST_HOST)";
				CODE_SIGN_STYLE = Automatic;
				INFOPLIST_FILE = Tables101Tests/Info.plist;
				LD_RUNPATH_SEARCH_PATHS = (
					"$(inherited)",
					"@executable_path/Frameworks",
					"@loader_path/Frameworks",
				);
				PRODUCT_BUNDLE_IDENTIFIER = clara.Tables101Tests;
				PRODUCT_NAME = "$(TARGET_NAME)";
				SWIFT_VERSION = 4.2;
				TARGETED_DEVICE_FAMILY = "1,2";
				TEST_HOST = "$(BUILT_PRODUCTS_DIR)/Tables101.app/Tables101";
			};
			name = Release;
		};
		E747865621FE791B0013D125 /* Debug */ = {
			isa = XCBuildConfiguration;
			buildSettings = {
				ALWAYS_EMBED_SWIFT_STANDARD_LIBRARIES = YES;
				CODE_SIGN_STYLE = Automatic;
				INFOPLIST_FILE = Tables101UITests/Info.plist;
				LD_RUNPATH_SEARCH_PATHS = (
					"$(inherited)",
					"@executable_path/Frameworks",
					"@loader_path/Frameworks",
				);
				PRODUCT_BUNDLE_IDENTIFIER = clara.Tables101UITests;
				PRODUCT_NAME = "$(TARGET_NAME)";
				SWIFT_VERSION = 4.2;
				TARGETED_DEVICE_FAMILY = "1,2";
				TEST_TARGET_NAME = Tables101;
			};
			name = Debug;
		};
		E747865721FE791B0013D125 /* Release */ = {
			isa = XCBuildConfiguration;
			buildSettings = {
				ALWAYS_EMBED_SWIFT_STANDARD_LIBRARIES = YES;
				CODE_SIGN_STYLE = Automatic;
				INFOPLIST_FILE = Tables101UITests/Info.plist;
				LD_RUNPATH_SEARCH_PATHS = (
					"$(inherited)",
					"@executable_path/Frameworks",
					"@loader_path/Frameworks",
				);
				PRODUCT_BUNDLE_IDENTIFIER = clara.Tables101UITests;
				PRODUCT_NAME = "$(TARGET_NAME)";
				SWIFT_VERSION = 4.2;
				TARGETED_DEVICE_FAMILY = "1,2";
				TEST_TARGET_NAME = Tables101;
			};
			name = Release;
		};
/* End XCBuildConfiguration section */

/* Begin XCConfigurationList section */
		E747862221FE79190013D125 /* Build configuration list for PBXProject "Tables101" */ = {
			isa = XCConfigurationList;
			buildConfigurations = (
				E747864D21FE791B0013D125 /* Debug */,
				E747864E21FE791B0013D125 /* Release */,
			);
			defaultConfigurationIsVisible = 0;
			defaultConfigurationName = Release;
		};
		E747864F21FE791B0013D125 /* Build configuration list for PBXNativeTarget "Tables101" */ = {
			isa = XCConfigurationList;
			buildConfigurations = (
				E747865021FE791B0013D125 /* Debug */,
				E747865121FE791B0013D125 /* Release */,
			);
			defaultConfigurationIsVisible = 0;
			defaultConfigurationName = Release;
		};
		E747865221FE791B0013D125 /* Build configuration list for PBXNativeTarget "Tables101Tests" */ = {
			isa = XCConfigurationList;
			buildConfigurations = (
				E747865321FE791B0013D125 /* Debug */,
				E747865421FE791B0013D125 /* Release */,
			);
			defaultConfigurationIsVisible = 0;
			defaultConfigurationName = Release;
		};
		E747865521FE791B0013D125 /* Build configuration list for PBXNativeTarget "Tables101UITests" */ = {
			isa = XCConfigurationList;
			buildConfigurations = (
				E747865621FE791B0013D125 /* Debug */,
				E747865721FE791B0013D125 /* Release */,
			);
			defaultConfigurationIsVisible = 0;
			defaultConfigurationName = Release;
		};
/* End XCConfigurationList section */
	};
	rootObject = E747861F21FE79190013D125 /* Project object */;
}
